
Microsoft Visual Studio Solution File, Format Version 12.00
# Visual Studio 15
VisualStudioVersion = 15.0.28010.2050
MinimumVisualStudioVersion = 10.0.40219.1
Project("{FAE04EC0-301F-11D3-BF4B-00C04F79EFBC}") = "ApplicationTesteRepository", "ApplicationTesteRepository\ApplicationTesteRepository.csproj", "{5E0A4213-93D5-477B-92C6-3B96A5395CF3}"
EndProject
Global
	GlobalSection(SolutionConfigurationPlatforms) = preSolution
		Debug|Any CPU = Debug|Any CPU
		Release|Any CPU = Release|Any CPU
	EndGlobalSection
	GlobalSection(ProjectConfigurationPlatforms) = postSolution
		{5E0A4213-93D5-477B-92C6-3B96A5395CF3}.Debug|Any CPU.ActiveCfg = Debug|Any CPU
		{5E0A4213-93D5-477B-92C6-3B96A5395CF3}.Debug|Any CPU.Build.0 = Debug|Any CPU
		{5E0A4213-93D5-477B-92C6-3B96A5395CF3}.Release|Any CPU.ActiveCfg = Release|Any CPU
		{5E0A4213-93D5-477B-92C6-3B96A5395CF3}.Release|Any CPU.Build.0 = Release|Any CPU
	EndGlobalSection
	GlobalSection(SolutionProperties) = preSolution
		HideSolutionNode = FALSE
	EndGlobalSection
	GlobalSection(ExtensibilityGlobals) = postSolution
		SolutionGuid = {B2C2C065-11B1-401A-BDEB-E4CD4FA42264}
	EndGlobalSection
EndGlobal
